
Microsoft Visual Studio Solution File, Format Version 12.00
# Visual Studio Version 17
VisualStudioVersion = 17.8.34525.116
MinimumVisualStudioVersion = 10.0.40219.1
Project("{FAE04EC0-301F-11D3-BF4B-00C04F79EFBC}") = "Practice1.Task1A", "Task.CSharpBase\Practice1.Task1A.csproj", "{D5C60F72-F2FC-4628-875A-3AE4984AE899}"
EndProject
Project("{2150E333-8FDC-42A3-9474-1A3956D46DE8}") = "Practice1.Task1.CSharpBase", "Practice1.Task1.CSharpBase", "{CA3B9CD4-3012-47BC-A017-B65311569122}"
EndProject
Project("{FAE04EC0-301F-11D3-BF4B-00C04F79EFBC}") = "Practice1.Task1B", "Task1B\Practice1.Task1B.csproj", "{ABFEB48C-EEEA-42F2-A64B-8F59B1F9BC17}"
EndProject
Project("{FAE04EC0-301F-11D3-BF4B-00C04F79EFBC}") = "Practice1.Task2", "Task2\Practice1.Task2.csproj", "{4C4E55B3-D785-4541-A8F0-B5BF9831ADD4}"
EndProject
Project("{FAE04EC0-301F-11D3-BF4B-00C04F79EFBC}") = "Practice1.Task3", "Task3\Practice1.Task3.csproj", "{266E1E0C-B4BD-462B-AA78-75E41880189E}"
EndProject
Project("{FAE04EC0-301F-11D3-BF4B-00C04F79EFBC}") = "Practice1.Task4", "Task4\Practice1.Task4.csproj", "{9787335F-D1A5-41F6-BD58-13B112417C59}"
EndProject
Project("{FAE04EC0-301F-11D3-BF4B-00C04F79EFBC}") = "Practice1.Task5", "Task5\Practice1.Task5.csproj", "{65C1B6F7-4CFC-46CD-A16B-4A0B594E7A3C}"
EndProject
Project("{FAE04EC0-301F-11D3-BF4B-00C04F79EFBC}") = "Practice1.Task6", "Task6\Practice1.Task6.csproj", "{F6AE572C-35C0-475E-AD57-EE590FF35C98}"
EndProject
Project("{FAE04EC0-301F-11D3-BF4B-00C04F79EFBC}") = "Practice1.Task7", "Task7\Practice1.Task7.csproj", "{2C9842A7-8510-49EC-B47F-5702D07EABC3}"
EndProject
Project("{FAE04EC0-301F-11D3-BF4B-00C04F79EFBC}") = "Tractice1.Task8", "Task8\Tractice1.Task8.csproj", "{F6BDA117-6B00-4885-AB6C-6373D5598EAA}"
EndProject
Project("{2150E333-8FDC-42A3-9474-1A3956D46DE8}") = "Practice2", "Practice2", "{9CEE14D7-9FFA-4FA2-85F7-CF25DBDD5DDE}"
EndProject
Project("{2150E333-8FDC-42A3-9474-1A3956D46DE8}") = "Practice1", "Practice1", "{63F37FAB-C1F4-4C50-9E9E-E6C3C847E480}"
EndProject
Project("{FAE04EC0-301F-11D3-BF4B-00C04F79EFBC}") = "Practice2.Task1", "Practice1.Task1a\Practice2.Task1.csproj", "{A2F08EC7-A64A-4C02-9675-127F2187D7D4}"
EndProject
Project("{FAE04EC0-301F-11D3-BF4B-00C04F79EFBC}") = "Practice2.Task2a", "Practice2.Task1b\Practice2.Task2a.csproj", "{1A8292CD-C926-457A-B00D-7201EFB68C81}"
EndProject
Project("{FAE04EC0-301F-11D3-BF4B-00C04F79EFBC}") = "Practice2.Task2b", "Practice2.Task2b\Practice2.Task2b.csproj", "{664AA024-B0CD-45D0-98A9-F9D890105A14}"
EndProject
Project("{FAE04EC0-301F-11D3-BF4B-00C04F79EFBC}") = "Practice2.Task2c", "Practice2.Task2c\Practice2.Task2c.csproj", "{071315F2-428D-4CAD-A55F-9B994F48BEB0}"
EndProject
Project("{FAE04EC0-301F-11D3-BF4B-00C04F79EFBC}") = "Practice2.Task2d", "Practice2.Task2d\Practice2.Task2d.csproj", "{411AAC7A-059B-4318-B2CE-EF85F90FDD0B}"
EndProject
Project("{FAE04EC0-301F-11D3-BF4B-00C04F79EFBC}") = "Practice2.Task3", "Practice2.Task3\Practice2.Task3.csproj", "{031FDB23-150A-406B-9613-659FA914DFC4}"
EndProject
Project("{FAE04EC0-301F-11D3-BF4B-00C04F79EFBC}") = "Practice2.Task4a", "Practice2.Task4\Practice2.Task4a.csproj", "{4AE14020-D37F-441C-92A5-9255D7117C26}"
EndProject
Project("{FAE04EC0-301F-11D3-BF4B-00C04F79EFBC}") = "Practice2.Task4b", "Practice2.Task4b\Practice2.Task4b.csproj", "{550848AB-C42D-42C6-8A9E-B2681E1FF65B}"
EndProject
Project("{FAE04EC0-301F-11D3-BF4B-00C04F79EFBC}") = "Practice2.Task4c", "Practice2.Task4c\Practice2.Task4c.csproj", "{D72C1A11-C587-4318-8CC8-A4B8CFF32E95}"
EndProject
Project("{FAE04EC0-301F-11D3-BF4B-00C04F79EFBC}") = "Practice2.Task5", "Practice2.Task5\Practice2.Task5.csproj", "{EC939D2D-F8E6-4AB9-916A-B2EF56FBABA0}"
EndProject
Project("{FAE04EC0-301F-11D3-BF4B-00C04F79EFBC}") = "Practice2.Task6a", "Practicce2.Task6a\Practice2.Task6a.csproj", "{81F51D58-5ADA-45A9-B6AA-952E069AB163}"
EndProject
Project("{2150E333-8FDC-42A3-9474-1A3956D46DE8}") = "Practice2.Task2", "Practice2.Task2", "{83764A8B-2A2A-43D4-BFA9-FD6A0CD106ED}"
EndProject
Project("{2150E333-8FDC-42A3-9474-1A3956D46DE8}") = "Practice2.Task4", "Practice2.Task4", "{1E353BB3-B765-4FE9-80D0-7850BED0BC68}"
EndProject
Project("{2150E333-8FDC-42A3-9474-1A3956D46DE8}") = "Practice2.Task6", "Practice2.Task6", "{6AE0A967-A477-40F9-95B5-78F52049BE71}"
EndProject
Project("{FAE04EC0-301F-11D3-BF4B-00C04F79EFBC}") = "Practice2.Task6b", "Practice2.Task6b\Practice2.Task6b.csproj", "{7EB9D9B3-F796-4DB6-9A63-0A244B7A03E3}"
EndProject
Project("{FAE04EC0-301F-11D3-BF4B-00C04F79EFBC}") = "Practice2.Task6c", "Practice2.Task6c\Practice2.Task6c.csproj", "{01876C6D-E7BC-4E01-ADB1-A55D9C1C1B71}"
EndProject
Project("{2150E333-8FDC-42A3-9474-1A3956D46DE8}") = "Practice2.Task7", "Practice2.Task7", "{60D584E4-437A-49ED-9878-FA27D1A58324}"
EndProject
Project("{FAE04EC0-301F-11D3-BF4B-00C04F79EFBC}") = "Practice2.Task7a", "Practice2.Task7a\Practice2.Task7a.csproj", "{671A34A8-5602-4944-9665-A8C55E0ED75A}"
EndProject
Project("{FAE04EC0-301F-11D3-BF4B-00C04F79EFBC}") = "Practice2.Task7b", "Practice2.Task7b\Practice2.Task7b.csproj", "{ADE3697F-6E30-4900-9B3D-AAA5AFAC0923}"
EndProject
Project("{FAE04EC0-301F-11D3-BF4B-00C04F79EFBC}") = "Practice2.Task7c", "Practice2.Task7c\Practice2.Task7c.csproj", "{292616F0-2BD5-451B-AA12-7E7FD8C91A31}"
EndProject
Project("{FAE04EC0-301F-11D3-BF4B-00C04F79EFBC}") = "Practice2.Task8", "Practice2.Task8\Practice2.Task8.csproj", "{DD211264-9ABE-4A32-8BEA-6A247547FA7A}"
EndProject
Project("{FAE04EC0-301F-11D3-BF4B-00C04F79EFBC}") = "Practice2.Task9", "Practice2.Task9\Practice2.Task9.csproj", "{E8ED2D55-ED65-44A7-AA8E-4F2EBD565DAA}"
EndProject
Project("{FAE04EC0-301F-11D3-BF4B-00C04F79EFBC}") = "Practice2.Task10", "Practice2.Task10\Practice2.Task10.csproj", "{3F253F89-CC1A-4188-A750-7BDBB96818B0}"
EndProject
Project("{FAE04EC0-301F-11D3-BF4B-00C04F79EFBC}") = "Practice2.Task11", "Practice2.Task11\Practice2.Task11.csproj", "{742FBE2C-5DBD-41A8-9072-81532CB68CF0}"
EndProject
Project("{FAE04EC0-301F-11D3-BF4B-00C04F79EFBC}") = "Prctice2.Task12", "Prctice2.Task12\Prctice2.Task12.csproj", "{DE906848-1D3D-4BAB-A85B-EB5B84BE99E1}"
EndProject
Project("{FAE04EC0-301F-11D3-BF4B-00C04F79EFBC}") = "Prctice2.Task13", "Prctice2.Task13\Prctice2.Task13.csproj", "{6DA5D6F3-50EC-4894-89A5-C0598638E7F0}"
EndProject
Project("{FAE04EC0-301F-11D3-BF4B-00C04F79EFBC}") = "Prctice2.Task14", "Prctice2.Task14\Prctice2.Task14.csproj", "{8DCF430C-B3F7-40EC-8B18-A01712DF64E6}"
EndProject
Project("{FAE04EC0-301F-11D3-BF4B-00C04F79EFBC}") = "Prctice2.Task15", "Prctice2.Task15\Prctice2.Task15.csproj", "{8C9DD16A-A950-44E3-AFC5-2D8C6AC3177A}"
EndProject
Project("{FAE04EC0-301F-11D3-BF4B-00C04F79EFBC}") = "Prctice2.Task16", "Prctice2.Task16\Prctice2.Task16.csproj", "{D6F90B69-1F79-441F-9187-9BA04CD904CB}"
EndProject
Project("{FAE04EC0-301F-11D3-BF4B-00C04F79EFBC}") = "Prctice2.Task17", "Prctice2.Task17\Prctice2.Task17.csproj", "{F4AA6A00-F8B0-40D3-BA92-FA17BD3FCDE8}"
EndProject
Project("{FAE04EC0-301F-11D3-BF4B-00C04F79EFBC}") = "Prctice2.Task18", "Prctice2.Task18\Prctice2.Task18.csproj", "{6C89D579-C839-4685-9439-04EF79E89A2F}"
EndProject
Project("{FAE04EC0-301F-11D3-BF4B-00C04F79EFBC}") = "Prctice2.Task19", "Prctice2.Task19\Prctice2.Task19.csproj", "{19B20A52-FFDD-415B-B617-D4C07E9DC0C9}"
EndProject
Project("{FAE04EC0-301F-11D3-BF4B-00C04F79EFBC}") = "Prctice2.Task20", "Prctice2.Task20\Prctice2.Task20.csproj", "{44B85966-4A77-4DD3-930B-72583914EB64}"
EndProject
Project("{FAE04EC0-301F-11D3-BF4B-00C04F79EFBC}") = "Prctice2.Task21", "Prctice2.Task21\Prctice2.Task21.csproj", "{374F0C2B-725A-4CCD-9F10-B87C546FEBB5}"
EndProject
Project("{2150E333-8FDC-42A3-9474-1A3956D46DE8}") = "Prctice2.Task22", "Prctice2.Task22", "{FAFF4757-14EA-4533-8ABE-9AB9BB90C464}"
EndProject
Project("{FAE04EC0-301F-11D3-BF4B-00C04F79EFBC}") = "Prctice2.Task22a", "Prctice2.Task22a\Prctice2.Task22a.csproj", "{FF5875D9-B194-46D7-A559-89DB1FCCD7CB}"
EndProject
Project("{FAE04EC0-301F-11D3-BF4B-00C04F79EFBC}") = "Prctice2.Task22b", "Prctice2.Task22b\Prctice2.Task22b.csproj", "{6D522D6E-34DB-4E8C-838D-EE571C88E584}"
EndProject
Project("{FAE04EC0-301F-11D3-BF4B-00C04F79EFBC}") = "Prctice2.Task23", "Prctice2.Task23\Prctice2.Task23.csproj", "{BA1C589D-45C3-45F4-A4D6-E505E8724AA3}"
EndProject
Project("{FAE04EC0-301F-11D3-BF4B-00C04F79EFBC}") = "Prctice2.Task24", "Prctice2.Task24\Prctice2.Task24.csproj", "{97A63F67-4C54-4C07-AA29-42EBE4399770}"
EndProject
Project("{FAE04EC0-301F-11D3-BF4B-00C04F79EFBC}") = "Prctice2.Task25", "Prctice2.Task25\Prctice2.Task25.csproj", "{CDB974D2-6622-46BD-8A0A-31801E32200A}"
EndProject
Project("{2150E333-8FDC-42A3-9474-1A3956D46DE8}") = "Practice3", "Practice3", "{79D7836D-B42C-4047-BB6B-9CBBFB13053B}"
EndProject
Project("{FAE04EC0-301F-11D3-BF4B-00C04F79EFBC}") = "Practice3.Task1", "Practice3.Task1\Practice3.Task1.csproj", "{BDCC976D-AC62-43E6-8315-5ED8BD9B4865}"
EndProject
Project("{FAE04EC0-301F-11D3-BF4B-00C04F79EFBC}") = "Practice3.Task2", "Practice3.Task2\Practice3.Task2.csproj", "{C9BCEA8D-7761-4352-B61E-44430A15D313}"
EndProject
Project("{FAE04EC0-301F-11D3-BF4B-00C04F79EFBC}") = "Practice3.Task9", "Practice3.Task9\Practice3.Task9.csproj", "{615308C2-0A61-46A3-BFB0-7668F462BE07}"
EndProject
Project("{FAE04EC0-301F-11D3-BF4B-00C04F79EFBC}") = "Practice3.Task8", "Practice3.Task8\Practice3.Task8.csproj", "{8BB45D85-69C1-417A-B734-863076AFCFF5}"
EndProject
Project("{FAE04EC0-301F-11D3-BF4B-00C04F79EFBC}") = "Practice3.Task7", "Practice3.Task7\Practice3.Task7.csproj", "{115EEFF8-951B-49E7-BAD5-B10212D76B71}"
EndProject
Project("{FAE04EC0-301F-11D3-BF4B-00C04F79EFBC}") = "Practice3.Task6", "Practice3.Task6\Practice3.Task6.csproj", "{D883A0C7-DC8B-4065-A497-61BC344377F1}"
EndProject
Project("{FAE04EC0-301F-11D3-BF4B-00C04F79EFBC}") = "Practice3.Task5", "Practice3.Task5\Practice3.Task5.csproj", "{6FCB537B-DB29-4F85-84E1-9513982699F4}"
EndProject
Project("{FAE04EC0-301F-11D3-BF4B-00C04F79EFBC}") = "Practice3.Task4", "Practice3.Task4\Practice3.Task4.csproj", "{40E19177-5EF7-44FE-845E-BFCE95AB2E11}"
EndProject
Project("{FAE04EC0-301F-11D3-BF4B-00C04F79EFBC}") = "Practice3.Task3", "Practice3.Task3\Practice3.Task3.csproj", "{058814E1-6B01-416C-B610-C1B35A408601}"
EndProject
Project("{FAE04EC0-301F-11D3-BF4B-00C04F79EFBC}") = "Practice3.Task10", "Practice3.Task10\Practice3.Task10.csproj", "{99031917-5702-4243-83C1-0BA667211EC3}"
EndProject
Project("{FAE04EC0-301F-11D3-BF4B-00C04F79EFBC}") = "Practice3.Task11", "Practice3.Task11\Practice3.Task11.csproj", "{B65E6E5F-9C4B-4817-8B0E-F88103B92AD5}"
EndProject
Project("{2150E333-8FDC-42A3-9474-1A3956D46DE8}") = "Practice4", "Practice4", "{C357BF59-378A-4A95-9318-070C1E2C1908}"
EndProject
Project("{2150E333-8FDC-42A3-9474-1A3956D46DE8}") = "Task1", "Task1", "{E096289B-F69E-4F00-8134-3AE5F1F50ADC}"
EndProject
Project("{2150E333-8FDC-42A3-9474-1A3956D46DE8}") = "Task2", "Task2", "{6851D3D8-6DF9-46E0-8F9C-992B51A294C5}"
EndProject
Project("{FAE04EC0-301F-11D3-BF4B-00C04F79EFBC}") = "Practice4.Task2", "Practice4.Task2\Practice4.Task2.csproj", "{C9793B9D-9EFB-46DC-8648-E9CC3E36B012}"
EndProject
Project("{FAE04EC0-301F-11D3-BF4B-00C04F79EFBC}") = "MathLibrary", "MathLibrary\MathLibrary.csproj", "{B1BDEF35-A200-4185-95F4-602CF062A1D4}"
EndProject
Project("{2150E333-8FDC-42A3-9474-1A3956D46DE8}") = "Task3", "Task3", "{556A5FB4-E68E-41C2-A4B4-2414829313BE}"
EndProject
Project("{FAE04EC0-301F-11D3-BF4B-00C04F79EFBC}") = "Practice4.Task3.Library", "Practice4.Task3.Library\Practice4.Task3.Library.csproj", "{F2B00B9B-85A6-4B3B-88F7-80D6143725AF}"
EndProject
Project("{FAE04EC0-301F-11D3-BF4B-00C04F79EFBC}") = "Practice4.Task3", "Practice4.Task3\Practice4.Task3.csproj", "{3EE5F919-BA79-4E09-A9D4-9708BF16CC33}"
EndProject
Project("{2150E333-8FDC-42A3-9474-1A3956D46DE8}") = "Practice5", "Practice5", "{F2D5F77E-E1B9-4DDA-B911-4AFED2253962}"
EndProject
Project("{FAE04EC0-301F-11D3-BF4B-00C04F79EFBC}") = "Practice5.Task1", "Practice5.Task1\Practice5.Task1.csproj", "{FA5130A0-3CF3-463C-A409-88B9ED25F919}"
EndProject
Project("{FAE04EC0-301F-11D3-BF4B-00C04F79EFBC}") = "Practice5.Task2", "Practice5.Task2\Practice5.Task2.csproj", "{8B5CAFE5-A747-464E-9FA9-A7AC7DEF3A01}"
EndProject
Project("{FAE04EC0-301F-11D3-BF4B-00C04F79EFBC}") = "Practice5.Task3", "Practice5.Task3\Practice5.Task3.csproj", "{13A99E35-5BC8-4340-B1AA-22EDF43637FE}"
EndProject
Global
	GlobalSection(SolutionConfigurationPlatforms) = preSolution
		CheckIn|Any CPU = CheckIn|Any CPU
		Debug|Any CPU = Debug|Any CPU
		Release|Any CPU = Release|Any CPU
	EndGlobalSection
	GlobalSection(ProjectConfigurationPlatforms) = postSolution
		{D5C60F72-F2FC-4628-875A-3AE4984AE899}.CheckIn|Any CPU.ActiveCfg = CheckIn|Any CPU
		{D5C60F72-F2FC-4628-875A-3AE4984AE899}.CheckIn|Any CPU.Build.0 = CheckIn|Any CPU
		{D5C60F72-F2FC-4628-875A-3AE4984AE899}.Debug|Any CPU.ActiveCfg = Debug|Any CPU
		{D5C60F72-F2FC-4628-875A-3AE4984AE899}.Debug|Any CPU.Build.0 = Debug|Any CPU
		{D5C60F72-F2FC-4628-875A-3AE4984AE899}.Release|Any CPU.ActiveCfg = Release|Any CPU
		{D5C60F72-F2FC-4628-875A-3AE4984AE899}.Release|Any CPU.Build.0 = Release|Any CPU
		{ABFEB48C-EEEA-42F2-A64B-8F59B1F9BC17}.CheckIn|Any CPU.ActiveCfg = CheckIn|Any CPU
		{ABFEB48C-EEEA-42F2-A64B-8F59B1F9BC17}.CheckIn|Any CPU.Build.0 = CheckIn|Any CPU
		{ABFEB48C-EEEA-42F2-A64B-8F59B1F9BC17}.Debug|Any CPU.ActiveCfg = Debug|Any CPU
		{ABFEB48C-EEEA-42F2-A64B-8F59B1F9BC17}.Debug|Any CPU.Build.0 = Debug|Any CPU
		{ABFEB48C-EEEA-42F2-A64B-8F59B1F9BC17}.Release|Any CPU.ActiveCfg = Release|Any CPU
		{ABFEB48C-EEEA-42F2-A64B-8F59B1F9BC17}.Release|Any CPU.Build.0 = Release|Any CPU
		{4C4E55B3-D785-4541-A8F0-B5BF9831ADD4}.CheckIn|Any CPU.ActiveCfg = Debug|Any CPU
		{4C4E55B3-D785-4541-A8F0-B5BF9831ADD4}.CheckIn|Any CPU.Build.0 = Debug|Any CPU
		{4C4E55B3-D785-4541-A8F0-B5BF9831ADD4}.Debug|Any CPU.ActiveCfg = Debug|Any CPU
		{4C4E55B3-D785-4541-A8F0-B5BF9831ADD4}.Debug|Any CPU.Build.0 = Debug|Any CPU
		{4C4E55B3-D785-4541-A8F0-B5BF9831ADD4}.Release|Any CPU.ActiveCfg = Release|Any CPU
		{4C4E55B3-D785-4541-A8F0-B5BF9831ADD4}.Release|Any CPU.Build.0 = Release|Any CPU
		{266E1E0C-B4BD-462B-AA78-75E41880189E}.CheckIn|Any CPU.ActiveCfg = Debug|Any CPU
		{266E1E0C-B4BD-462B-AA78-75E41880189E}.CheckIn|Any CPU.Build.0 = Debug|Any CPU
		{266E1E0C-B4BD-462B-AA78-75E41880189E}.Debug|Any CPU.ActiveCfg = Debug|Any CPU
		{266E1E0C-B4BD-462B-AA78-75E41880189E}.Debug|Any CPU.Build.0 = Debug|Any CPU
		{266E1E0C-B4BD-462B-AA78-75E41880189E}.Release|Any CPU.ActiveCfg = Release|Any CPU
		{266E1E0C-B4BD-462B-AA78-75E41880189E}.Release|Any CPU.Build.0 = Release|Any CPU
		{9787335F-D1A5-41F6-BD58-13B112417C59}.CheckIn|Any CPU.ActiveCfg = Debug|Any CPU
		{9787335F-D1A5-41F6-BD58-13B112417C59}.CheckIn|Any CPU.Build.0 = Debug|Any CPU
		{9787335F-D1A5-41F6-BD58-13B112417C59}.Debug|Any CPU.ActiveCfg = Debug|Any CPU
		{9787335F-D1A5-41F6-BD58-13B112417C59}.Debug|Any CPU.Build.0 = Debug|Any CPU
		{9787335F-D1A5-41F6-BD58-13B112417C59}.Release|Any CPU.ActiveCfg = Release|Any CPU
		{9787335F-D1A5-41F6-BD58-13B112417C59}.Release|Any CPU.Build.0 = Release|Any CPU
		{65C1B6F7-4CFC-46CD-A16B-4A0B594E7A3C}.CheckIn|Any CPU.ActiveCfg = Debug|Any CPU
		{65C1B6F7-4CFC-46CD-A16B-4A0B594E7A3C}.CheckIn|Any CPU.Build.0 = Debug|Any CPU
		{65C1B6F7-4CFC-46CD-A16B-4A0B594E7A3C}.Debug|Any CPU.ActiveCfg = Debug|Any CPU
		{65C1B6F7-4CFC-46CD-A16B-4A0B594E7A3C}.Debug|Any CPU.Build.0 = Debug|Any CPU
		{65C1B6F7-4CFC-46CD-A16B-4A0B594E7A3C}.Release|Any CPU.ActiveCfg = Release|Any CPU
		{65C1B6F7-4CFC-46CD-A16B-4A0B594E7A3C}.Release|Any CPU.Build.0 = Release|Any CPU
		{F6AE572C-35C0-475E-AD57-EE590FF35C98}.CheckIn|Any CPU.ActiveCfg = Debug|Any CPU
		{F6AE572C-35C0-475E-AD57-EE590FF35C98}.CheckIn|Any CPU.Build.0 = Debug|Any CPU
		{F6AE572C-35C0-475E-AD57-EE590FF35C98}.Debug|Any CPU.ActiveCfg = Debug|Any CPU
		{F6AE572C-35C0-475E-AD57-EE590FF35C98}.Debug|Any CPU.Build.0 = Debug|Any CPU
		{F6AE572C-35C0-475E-AD57-EE590FF35C98}.Release|Any CPU.ActiveCfg = Release|Any CPU
		{F6AE572C-35C0-475E-AD57-EE590FF35C98}.Release|Any CPU.Build.0 = Release|Any CPU
		{2C9842A7-8510-49EC-B47F-5702D07EABC3}.CheckIn|Any CPU.ActiveCfg = Debug|Any CPU
		{2C9842A7-8510-49EC-B47F-5702D07EABC3}.CheckIn|Any CPU.Build.0 = Debug|Any CPU
		{2C9842A7-8510-49EC-B47F-5702D07EABC3}.Debug|Any CPU.ActiveCfg = Debug|Any CPU
		{2C9842A7-8510-49EC-B47F-5702D07EABC3}.Debug|Any CPU.Build.0 = Debug|Any CPU
		{2C9842A7-8510-49EC-B47F-5702D07EABC3}.Release|Any CPU.ActiveCfg = Release|Any CPU
		{2C9842A7-8510-49EC-B47F-5702D07EABC3}.Release|Any CPU.Build.0 = Release|Any CPU
		{F6BDA117-6B00-4885-AB6C-6373D5598EAA}.CheckIn|Any CPU.ActiveCfg = Debug|Any CPU
		{F6BDA117-6B00-4885-AB6C-6373D5598EAA}.CheckIn|Any CPU.Build.0 = Debug|Any CPU
		{F6BDA117-6B00-4885-AB6C-6373D5598EAA}.Debug|Any CPU.ActiveCfg = Debug|Any CPU
		{F6BDA117-6B00-4885-AB6C-6373D5598EAA}.Debug|Any CPU.Build.0 = Debug|Any CPU
		{F6BDA117-6B00-4885-AB6C-6373D5598EAA}.Release|Any CPU.ActiveCfg = Release|Any CPU
		{F6BDA117-6B00-4885-AB6C-6373D5598EAA}.Release|Any CPU.Build.0 = Release|Any CPU
		{A2F08EC7-A64A-4C02-9675-127F2187D7D4}.CheckIn|Any CPU.ActiveCfg = Debug|Any CPU
		{A2F08EC7-A64A-4C02-9675-127F2187D7D4}.CheckIn|Any CPU.Build.0 = Debug|Any CPU
		{A2F08EC7-A64A-4C02-9675-127F2187D7D4}.Debug|Any CPU.ActiveCfg = Debug|Any CPU
		{A2F08EC7-A64A-4C02-9675-127F2187D7D4}.Debug|Any CPU.Build.0 = Debug|Any CPU
		{A2F08EC7-A64A-4C02-9675-127F2187D7D4}.Release|Any CPU.ActiveCfg = Release|Any CPU
		{A2F08EC7-A64A-4C02-9675-127F2187D7D4}.Release|Any CPU.Build.0 = Release|Any CPU
		{1A8292CD-C926-457A-B00D-7201EFB68C81}.CheckIn|Any CPU.ActiveCfg = Debug|Any CPU
		{1A8292CD-C926-457A-B00D-7201EFB68C81}.CheckIn|Any CPU.Build.0 = Debug|Any CPU
		{1A8292CD-C926-457A-B00D-7201EFB68C81}.Debug|Any CPU.ActiveCfg = Debug|Any CPU
		{1A8292CD-C926-457A-B00D-7201EFB68C81}.Debug|Any CPU.Build.0 = Debug|Any CPU
		{1A8292CD-C926-457A-B00D-7201EFB68C81}.Release|Any CPU.ActiveCfg = Release|Any CPU
		{1A8292CD-C926-457A-B00D-7201EFB68C81}.Release|Any CPU.Build.0 = Release|Any CPU
		{664AA024-B0CD-45D0-98A9-F9D890105A14}.CheckIn|Any CPU.ActiveCfg = Debug|Any CPU
		{664AA024-B0CD-45D0-98A9-F9D890105A14}.CheckIn|Any CPU.Build.0 = Debug|Any CPU
		{664AA024-B0CD-45D0-98A9-F9D890105A14}.Debug|Any CPU.ActiveCfg = Debug|Any CPU
		{664AA024-B0CD-45D0-98A9-F9D890105A14}.Debug|Any CPU.Build.0 = Debug|Any CPU
		{664AA024-B0CD-45D0-98A9-F9D890105A14}.Release|Any CPU.ActiveCfg = Release|Any CPU
		{664AA024-B0CD-45D0-98A9-F9D890105A14}.Release|Any CPU.Build.0 = Release|Any CPU
		{071315F2-428D-4CAD-A55F-9B994F48BEB0}.CheckIn|Any CPU.ActiveCfg = Debug|Any CPU
		{071315F2-428D-4CAD-A55F-9B994F48BEB0}.CheckIn|Any CPU.Build.0 = Debug|Any CPU
		{071315F2-428D-4CAD-A55F-9B994F48BEB0}.Debug|Any CPU.ActiveCfg = Debug|Any CPU
		{071315F2-428D-4CAD-A55F-9B994F48BEB0}.Debug|Any CPU.Build.0 = Debug|Any CPU
		{071315F2-428D-4CAD-A55F-9B994F48BEB0}.Release|Any CPU.ActiveCfg = Release|Any CPU
		{071315F2-428D-4CAD-A55F-9B994F48BEB0}.Release|Any CPU.Build.0 = Release|Any CPU
		{411AAC7A-059B-4318-B2CE-EF85F90FDD0B}.CheckIn|Any CPU.ActiveCfg = Debug|Any CPU
		{411AAC7A-059B-4318-B2CE-EF85F90FDD0B}.CheckIn|Any CPU.Build.0 = Debug|Any CPU
		{411AAC7A-059B-4318-B2CE-EF85F90FDD0B}.Debug|Any CPU.ActiveCfg = Debug|Any CPU
		{411AAC7A-059B-4318-B2CE-EF85F90FDD0B}.Debug|Any CPU.Build.0 = Debug|Any CPU
		{411AAC7A-059B-4318-B2CE-EF85F90FDD0B}.Release|Any CPU.ActiveCfg = Release|Any CPU
		{411AAC7A-059B-4318-B2CE-EF85F90FDD0B}.Release|Any CPU.Build.0 = Release|Any CPU
		{031FDB23-150A-406B-9613-659FA914DFC4}.CheckIn|Any CPU.ActiveCfg = Debug|Any CPU
		{031FDB23-150A-406B-9613-659FA914DFC4}.CheckIn|Any CPU.Build.0 = Debug|Any CPU
		{031FDB23-150A-406B-9613-659FA914DFC4}.Debug|Any CPU.ActiveCfg = Debug|Any CPU
		{031FDB23-150A-406B-9613-659FA914DFC4}.Debug|Any CPU.Build.0 = Debug|Any CPU
		{031FDB23-150A-406B-9613-659FA914DFC4}.Release|Any CPU.ActiveCfg = Release|Any CPU
		{031FDB23-150A-406B-9613-659FA914DFC4}.Release|Any CPU.Build.0 = Release|Any CPU
		{4AE14020-D37F-441C-92A5-9255D7117C26}.CheckIn|Any CPU.ActiveCfg = Debug|Any CPU
		{4AE14020-D37F-441C-92A5-9255D7117C26}.CheckIn|Any CPU.Build.0 = Debug|Any CPU
		{4AE14020-D37F-441C-92A5-9255D7117C26}.Debug|Any CPU.ActiveCfg = Debug|Any CPU
		{4AE14020-D37F-441C-92A5-9255D7117C26}.Debug|Any CPU.Build.0 = Debug|Any CPU
		{4AE14020-D37F-441C-92A5-9255D7117C26}.Release|Any CPU.ActiveCfg = Release|Any CPU
		{4AE14020-D37F-441C-92A5-9255D7117C26}.Release|Any CPU.Build.0 = Release|Any CPU
		{550848AB-C42D-42C6-8A9E-B2681E1FF65B}.CheckIn|Any CPU.ActiveCfg = Debug|Any CPU
		{550848AB-C42D-42C6-8A9E-B2681E1FF65B}.CheckIn|Any CPU.Build.0 = Debug|Any CPU
		{550848AB-C42D-42C6-8A9E-B2681E1FF65B}.Debug|Any CPU.ActiveCfg = Debug|Any CPU
		{550848AB-C42D-42C6-8A9E-B2681E1FF65B}.Debug|Any CPU.Build.0 = Debug|Any CPU
		{550848AB-C42D-42C6-8A9E-B2681E1FF65B}.Release|Any CPU.ActiveCfg = Release|Any CPU
		{550848AB-C42D-42C6-8A9E-B2681E1FF65B}.Release|Any CPU.Build.0 = Release|Any CPU
		{D72C1A11-C587-4318-8CC8-A4B8CFF32E95}.CheckIn|Any CPU.ActiveCfg = Debug|Any CPU
		{D72C1A11-C587-4318-8CC8-A4B8CFF32E95}.CheckIn|Any CPU.Build.0 = Debug|Any CPU
		{D72C1A11-C587-4318-8CC8-A4B8CFF32E95}.Debug|Any CPU.ActiveCfg = Debug|Any CPU
		{D72C1A11-C587-4318-8CC8-A4B8CFF32E95}.Debug|Any CPU.Build.0 = Debug|Any CPU
		{D72C1A11-C587-4318-8CC8-A4B8CFF32E95}.Release|Any CPU.ActiveCfg = Release|Any CPU
		{D72C1A11-C587-4318-8CC8-A4B8CFF32E95}.Release|Any CPU.Build.0 = Release|Any CPU
		{EC939D2D-F8E6-4AB9-916A-B2EF56FBABA0}.CheckIn|Any CPU.ActiveCfg = Debug|Any CPU
		{EC939D2D-F8E6-4AB9-916A-B2EF56FBABA0}.CheckIn|Any CPU.Build.0 = Debug|Any CPU
		{EC939D2D-F8E6-4AB9-916A-B2EF56FBABA0}.Debug|Any CPU.ActiveCfg = Debug|Any CPU
		{EC939D2D-F8E6-4AB9-916A-B2EF56FBABA0}.Debug|Any CPU.Build.0 = Debug|Any CPU
		{EC939D2D-F8E6-4AB9-916A-B2EF56FBABA0}.Release|Any CPU.ActiveCfg = Release|Any CPU
		{EC939D2D-F8E6-4AB9-916A-B2EF56FBABA0}.Release|Any CPU.Build.0 = Release|Any CPU
		{81F51D58-5ADA-45A9-B6AA-952E069AB163}.CheckIn|Any CPU.ActiveCfg = Debug|Any CPU
		{81F51D58-5ADA-45A9-B6AA-952E069AB163}.CheckIn|Any CPU.Build.0 = Debug|Any CPU
		{81F51D58-5ADA-45A9-B6AA-952E069AB163}.Debug|Any CPU.ActiveCfg = Debug|Any CPU
		{81F51D58-5ADA-45A9-B6AA-952E069AB163}.Debug|Any CPU.Build.0 = Debug|Any CPU
		{81F51D58-5ADA-45A9-B6AA-952E069AB163}.Release|Any CPU.ActiveCfg = Release|Any CPU
		{81F51D58-5ADA-45A9-B6AA-952E069AB163}.Release|Any CPU.Build.0 = Release|Any CPU
		{7EB9D9B3-F796-4DB6-9A63-0A244B7A03E3}.CheckIn|Any CPU.ActiveCfg = Debug|Any CPU
		{7EB9D9B3-F796-4DB6-9A63-0A244B7A03E3}.CheckIn|Any CPU.Build.0 = Debug|Any CPU
		{7EB9D9B3-F796-4DB6-9A63-0A244B7A03E3}.Debug|Any CPU.ActiveCfg = Debug|Any CPU
		{7EB9D9B3-F796-4DB6-9A63-0A244B7A03E3}.Debug|Any CPU.Build.0 = Debug|Any CPU
		{7EB9D9B3-F796-4DB6-9A63-0A244B7A03E3}.Release|Any CPU.ActiveCfg = Release|Any CPU
		{7EB9D9B3-F796-4DB6-9A63-0A244B7A03E3}.Release|Any CPU.Build.0 = Release|Any CPU
		{01876C6D-E7BC-4E01-ADB1-A55D9C1C1B71}.CheckIn|Any CPU.ActiveCfg = Debug|Any CPU
		{01876C6D-E7BC-4E01-ADB1-A55D9C1C1B71}.CheckIn|Any CPU.Build.0 = Debug|Any CPU
		{01876C6D-E7BC-4E01-ADB1-A55D9C1C1B71}.Debug|Any CPU.ActiveCfg = Debug|Any CPU
		{01876C6D-E7BC-4E01-ADB1-A55D9C1C1B71}.Debug|Any CPU.Build.0 = Debug|Any CPU
		{01876C6D-E7BC-4E01-ADB1-A55D9C1C1B71}.Release|Any CPU.ActiveCfg = Release|Any CPU
		{01876C6D-E7BC-4E01-ADB1-A55D9C1C1B71}.Release|Any CPU.Build.0 = Release|Any CPU
		{671A34A8-5602-4944-9665-A8C55E0ED75A}.CheckIn|Any CPU.ActiveCfg = Debug|Any CPU
		{671A34A8-5602-4944-9665-A8C55E0ED75A}.CheckIn|Any CPU.Build.0 = Debug|Any CPU
		{671A34A8-5602-4944-9665-A8C55E0ED75A}.Debug|Any CPU.ActiveCfg = Debug|Any CPU
		{671A34A8-5602-4944-9665-A8C55E0ED75A}.Debug|Any CPU.Build.0 = Debug|Any CPU
		{671A34A8-5602-4944-9665-A8C55E0ED75A}.Release|Any CPU.ActiveCfg = Release|Any CPU
		{671A34A8-5602-4944-9665-A8C55E0ED75A}.Release|Any CPU.Build.0 = Release|Any CPU
		{ADE3697F-6E30-4900-9B3D-AAA5AFAC0923}.CheckIn|Any CPU.ActiveCfg = Debug|Any CPU
		{ADE3697F-6E30-4900-9B3D-AAA5AFAC0923}.CheckIn|Any CPU.Build.0 = Debug|Any CPU
		{ADE3697F-6E30-4900-9B3D-AAA5AFAC0923}.Debug|Any CPU.ActiveCfg = Debug|Any CPU
		{ADE3697F-6E30-4900-9B3D-AAA5AFAC0923}.Debug|Any CPU.Build.0 = Debug|Any CPU
		{ADE3697F-6E30-4900-9B3D-AAA5AFAC0923}.Release|Any CPU.ActiveCfg = Release|Any CPU
		{ADE3697F-6E30-4900-9B3D-AAA5AFAC0923}.Release|Any CPU.Build.0 = Release|Any CPU
		{292616F0-2BD5-451B-AA12-7E7FD8C91A31}.CheckIn|Any CPU.ActiveCfg = Debug|Any CPU
		{292616F0-2BD5-451B-AA12-7E7FD8C91A31}.CheckIn|Any CPU.Build.0 = Debug|Any CPU
		{292616F0-2BD5-451B-AA12-7E7FD8C91A31}.Debug|Any CPU.ActiveCfg = Debug|Any CPU
		{292616F0-2BD5-451B-AA12-7E7FD8C91A31}.Debug|Any CPU.Build.0 = Debug|Any CPU
		{292616F0-2BD5-451B-AA12-7E7FD8C91A31}.Release|Any CPU.ActiveCfg = Release|Any CPU
		{292616F0-2BD5-451B-AA12-7E7FD8C91A31}.Release|Any CPU.Build.0 = Release|Any CPU
		{DD211264-9ABE-4A32-8BEA-6A247547FA7A}.CheckIn|Any CPU.ActiveCfg = Debug|Any CPU
		{DD211264-9ABE-4A32-8BEA-6A247547FA7A}.CheckIn|Any CPU.Build.0 = Debug|Any CPU
		{DD211264-9ABE-4A32-8BEA-6A247547FA7A}.Debug|Any CPU.ActiveCfg = Debug|Any CPU
		{DD211264-9ABE-4A32-8BEA-6A247547FA7A}.Debug|Any CPU.Build.0 = Debug|Any CPU
		{DD211264-9ABE-4A32-8BEA-6A247547FA7A}.Release|Any CPU.ActiveCfg = Release|Any CPU
		{DD211264-9ABE-4A32-8BEA-6A247547FA7A}.Release|Any CPU.Build.0 = Release|Any CPU
		{E8ED2D55-ED65-44A7-AA8E-4F2EBD565DAA}.CheckIn|Any CPU.ActiveCfg = Debug|Any CPU
		{E8ED2D55-ED65-44A7-AA8E-4F2EBD565DAA}.CheckIn|Any CPU.Build.0 = Debug|Any CPU
		{E8ED2D55-ED65-44A7-AA8E-4F2EBD565DAA}.Debug|Any CPU.ActiveCfg = Debug|Any CPU
		{E8ED2D55-ED65-44A7-AA8E-4F2EBD565DAA}.Debug|Any CPU.Build.0 = Debug|Any CPU
		{E8ED2D55-ED65-44A7-AA8E-4F2EBD565DAA}.Release|Any CPU.ActiveCfg = Release|Any CPU
		{E8ED2D55-ED65-44A7-AA8E-4F2EBD565DAA}.Release|Any CPU.Build.0 = Release|Any CPU
		{3F253F89-CC1A-4188-A750-7BDBB96818B0}.CheckIn|Any CPU.ActiveCfg = Debug|Any CPU
		{3F253F89-CC1A-4188-A750-7BDBB96818B0}.CheckIn|Any CPU.Build.0 = Debug|Any CPU
		{3F253F89-CC1A-4188-A750-7BDBB96818B0}.Debug|Any CPU.ActiveCfg = Debug|Any CPU
		{3F253F89-CC1A-4188-A750-7BDBB96818B0}.Debug|Any CPU.Build.0 = Debug|Any CPU
		{3F253F89-CC1A-4188-A750-7BDBB96818B0}.Release|Any CPU.ActiveCfg = Release|Any CPU
		{3F253F89-CC1A-4188-A750-7BDBB96818B0}.Release|Any CPU.Build.0 = Release|Any CPU
		{742FBE2C-5DBD-41A8-9072-81532CB68CF0}.CheckIn|Any CPU.ActiveCfg = Debug|Any CPU
		{742FBE2C-5DBD-41A8-9072-81532CB68CF0}.CheckIn|Any CPU.Build.0 = Debug|Any CPU
		{742FBE2C-5DBD-41A8-9072-81532CB68CF0}.Debug|Any CPU.ActiveCfg = Debug|Any CPU
		{742FBE2C-5DBD-41A8-9072-81532CB68CF0}.Debug|Any CPU.Build.0 = Debug|Any CPU
		{742FBE2C-5DBD-41A8-9072-81532CB68CF0}.Release|Any CPU.ActiveCfg = Release|Any CPU
		{742FBE2C-5DBD-41A8-9072-81532CB68CF0}.Release|Any CPU.Build.0 = Release|Any CPU
		{DE906848-1D3D-4BAB-A85B-EB5B84BE99E1}.CheckIn|Any CPU.ActiveCfg = Debug|Any CPU
		{DE906848-1D3D-4BAB-A85B-EB5B84BE99E1}.CheckIn|Any CPU.Build.0 = Debug|Any CPU
		{DE906848-1D3D-4BAB-A85B-EB5B84BE99E1}.Debug|Any CPU.ActiveCfg = Debug|Any CPU
		{DE906848-1D3D-4BAB-A85B-EB5B84BE99E1}.Debug|Any CPU.Build.0 = Debug|Any CPU
		{DE906848-1D3D-4BAB-A85B-EB5B84BE99E1}.Release|Any CPU.ActiveCfg = Release|Any CPU
		{DE906848-1D3D-4BAB-A85B-EB5B84BE99E1}.Release|Any CPU.Build.0 = Release|Any CPU
		{6DA5D6F3-50EC-4894-89A5-C0598638E7F0}.CheckIn|Any CPU.ActiveCfg = Debug|Any CPU
		{6DA5D6F3-50EC-4894-89A5-C0598638E7F0}.CheckIn|Any CPU.Build.0 = Debug|Any CPU
		{6DA5D6F3-50EC-4894-89A5-C0598638E7F0}.Debug|Any CPU.ActiveCfg = Debug|Any CPU
		{6DA5D6F3-50EC-4894-89A5-C0598638E7F0}.Debug|Any CPU.Build.0 = Debug|Any CPU
		{6DA5D6F3-50EC-4894-89A5-C0598638E7F0}.Release|Any CPU.ActiveCfg = Release|Any CPU
		{6DA5D6F3-50EC-4894-89A5-C0598638E7F0}.Release|Any CPU.Build.0 = Release|Any CPU
		{8DCF430C-B3F7-40EC-8B18-A01712DF64E6}.CheckIn|Any CPU.ActiveCfg = Debug|Any CPU
		{8DCF430C-B3F7-40EC-8B18-A01712DF64E6}.CheckIn|Any CPU.Build.0 = Debug|Any CPU
		{8DCF430C-B3F7-40EC-8B18-A01712DF64E6}.Debug|Any CPU.ActiveCfg = Debug|Any CPU
		{8DCF430C-B3F7-40EC-8B18-A01712DF64E6}.Debug|Any CPU.Build.0 = Debug|Any CPU
		{8DCF430C-B3F7-40EC-8B18-A01712DF64E6}.Release|Any CPU.ActiveCfg = Release|Any CPU
		{8DCF430C-B3F7-40EC-8B18-A01712DF64E6}.Release|Any CPU.Build.0 = Release|Any CPU
		{8C9DD16A-A950-44E3-AFC5-2D8C6AC3177A}.CheckIn|Any CPU.ActiveCfg = Debug|Any CPU
		{8C9DD16A-A950-44E3-AFC5-2D8C6AC3177A}.CheckIn|Any CPU.Build.0 = Debug|Any CPU
		{8C9DD16A-A950-44E3-AFC5-2D8C6AC3177A}.Debug|Any CPU.ActiveCfg = Debug|Any CPU
		{8C9DD16A-A950-44E3-AFC5-2D8C6AC3177A}.Debug|Any CPU.Build.0 = Debug|Any CPU
		{8C9DD16A-A950-44E3-AFC5-2D8C6AC3177A}.Release|Any CPU.ActiveCfg = Release|Any CPU
		{8C9DD16A-A950-44E3-AFC5-2D8C6AC3177A}.Release|Any CPU.Build.0 = Release|Any CPU
		{D6F90B69-1F79-441F-9187-9BA04CD904CB}.CheckIn|Any CPU.ActiveCfg = Debug|Any CPU
		{D6F90B69-1F79-441F-9187-9BA04CD904CB}.CheckIn|Any CPU.Build.0 = Debug|Any CPU
		{D6F90B69-1F79-441F-9187-9BA04CD904CB}.Debug|Any CPU.ActiveCfg = Debug|Any CPU
		{D6F90B69-1F79-441F-9187-9BA04CD904CB}.Debug|Any CPU.Build.0 = Debug|Any CPU
		{D6F90B69-1F79-441F-9187-9BA04CD904CB}.Release|Any CPU.ActiveCfg = Release|Any CPU
		{D6F90B69-1F79-441F-9187-9BA04CD904CB}.Release|Any CPU.Build.0 = Release|Any CPU
		{F4AA6A00-F8B0-40D3-BA92-FA17BD3FCDE8}.CheckIn|Any CPU.ActiveCfg = Debug|Any CPU
		{F4AA6A00-F8B0-40D3-BA92-FA17BD3FCDE8}.CheckIn|Any CPU.Build.0 = Debug|Any CPU
		{F4AA6A00-F8B0-40D3-BA92-FA17BD3FCDE8}.Debug|Any CPU.ActiveCfg = Debug|Any CPU
		{F4AA6A00-F8B0-40D3-BA92-FA17BD3FCDE8}.Debug|Any CPU.Build.0 = Debug|Any CPU
		{F4AA6A00-F8B0-40D3-BA92-FA17BD3FCDE8}.Release|Any CPU.ActiveCfg = Release|Any CPU
		{F4AA6A00-F8B0-40D3-BA92-FA17BD3FCDE8}.Release|Any CPU.Build.0 = Release|Any CPU
		{6C89D579-C839-4685-9439-04EF79E89A2F}.CheckIn|Any CPU.ActiveCfg = Debug|Any CPU
		{6C89D579-C839-4685-9439-04EF79E89A2F}.CheckIn|Any CPU.Build.0 = Debug|Any CPU
		{6C89D579-C839-4685-9439-04EF79E89A2F}.Debug|Any CPU.ActiveCfg = Debug|Any CPU
		{6C89D579-C839-4685-9439-04EF79E89A2F}.Debug|Any CPU.Build.0 = Debug|Any CPU
		{6C89D579-C839-4685-9439-04EF79E89A2F}.Release|Any CPU.ActiveCfg = Release|Any CPU
		{6C89D579-C839-4685-9439-04EF79E89A2F}.Release|Any CPU.Build.0 = Release|Any CPU
		{19B20A52-FFDD-415B-B617-D4C07E9DC0C9}.CheckIn|Any CPU.ActiveCfg = Debug|Any CPU
		{19B20A52-FFDD-415B-B617-D4C07E9DC0C9}.CheckIn|Any CPU.Build.0 = Debug|Any CPU
		{19B20A52-FFDD-415B-B617-D4C07E9DC0C9}.Debug|Any CPU.ActiveCfg = Debug|Any CPU
		{19B20A52-FFDD-415B-B617-D4C07E9DC0C9}.Debug|Any CPU.Build.0 = Debug|Any CPU
		{19B20A52-FFDD-415B-B617-D4C07E9DC0C9}.Release|Any CPU.ActiveCfg = Release|Any CPU
		{19B20A52-FFDD-415B-B617-D4C07E9DC0C9}.Release|Any CPU.Build.0 = Release|Any CPU
		{44B85966-4A77-4DD3-930B-72583914EB64}.CheckIn|Any CPU.ActiveCfg = Debug|Any CPU
		{44B85966-4A77-4DD3-930B-72583914EB64}.CheckIn|Any CPU.Build.0 = Debug|Any CPU
		{44B85966-4A77-4DD3-930B-72583914EB64}.Debug|Any CPU.ActiveCfg = Debug|Any CPU
		{44B85966-4A77-4DD3-930B-72583914EB64}.Debug|Any CPU.Build.0 = Debug|Any CPU
		{44B85966-4A77-4DD3-930B-72583914EB64}.Release|Any CPU.ActiveCfg = Release|Any CPU
		{44B85966-4A77-4DD3-930B-72583914EB64}.Release|Any CPU.Build.0 = Release|Any CPU
		{374F0C2B-725A-4CCD-9F10-B87C546FEBB5}.CheckIn|Any CPU.ActiveCfg = Debug|Any CPU
		{374F0C2B-725A-4CCD-9F10-B87C546FEBB5}.CheckIn|Any CPU.Build.0 = Debug|Any CPU
		{374F0C2B-725A-4CCD-9F10-B87C546FEBB5}.Debug|Any CPU.ActiveCfg = Debug|Any CPU
		{374F0C2B-725A-4CCD-9F10-B87C546FEBB5}.Debug|Any CPU.Build.0 = Debug|Any CPU
		{374F0C2B-725A-4CCD-9F10-B87C546FEBB5}.Release|Any CPU.ActiveCfg = Release|Any CPU
		{374F0C2B-725A-4CCD-9F10-B87C546FEBB5}.Release|Any CPU.Build.0 = Release|Any CPU
		{FF5875D9-B194-46D7-A559-89DB1FCCD7CB}.CheckIn|Any CPU.ActiveCfg = Debug|Any CPU
		{FF5875D9-B194-46D7-A559-89DB1FCCD7CB}.CheckIn|Any CPU.Build.0 = Debug|Any CPU
		{FF5875D9-B194-46D7-A559-89DB1FCCD7CB}.Debug|Any CPU.ActiveCfg = Debug|Any CPU
		{FF5875D9-B194-46D7-A559-89DB1FCCD7CB}.Debug|Any CPU.Build.0 = Debug|Any CPU
		{FF5875D9-B194-46D7-A559-89DB1FCCD7CB}.Release|Any CPU.ActiveCfg = Release|Any CPU
		{FF5875D9-B194-46D7-A559-89DB1FCCD7CB}.Release|Any CPU.Build.0 = Release|Any CPU
		{6D522D6E-34DB-4E8C-838D-EE571C88E584}.CheckIn|Any CPU.ActiveCfg = Debug|Any CPU
		{6D522D6E-34DB-4E8C-838D-EE571C88E584}.CheckIn|Any CPU.Build.0 = Debug|Any CPU
		{6D522D6E-34DB-4E8C-838D-EE571C88E584}.Debug|Any CPU.ActiveCfg = Debug|Any CPU
		{6D522D6E-34DB-4E8C-838D-EE571C88E584}.Debug|Any CPU.Build.0 = Debug|Any CPU
		{6D522D6E-34DB-4E8C-838D-EE571C88E584}.Release|Any CPU.ActiveCfg = Release|Any CPU
		{6D522D6E-34DB-4E8C-838D-EE571C88E584}.Release|Any CPU.Build.0 = Release|Any CPU
		{BA1C589D-45C3-45F4-A4D6-E505E8724AA3}.CheckIn|Any CPU.ActiveCfg = Debug|Any CPU
		{BA1C589D-45C3-45F4-A4D6-E505E8724AA3}.CheckIn|Any CPU.Build.0 = Debug|Any CPU
		{BA1C589D-45C3-45F4-A4D6-E505E8724AA3}.Debug|Any CPU.ActiveCfg = Debug|Any CPU
		{BA1C589D-45C3-45F4-A4D6-E505E8724AA3}.Debug|Any CPU.Build.0 = Debug|Any CPU
		{BA1C589D-45C3-45F4-A4D6-E505E8724AA3}.Release|Any CPU.ActiveCfg = Release|Any CPU
		{BA1C589D-45C3-45F4-A4D6-E505E8724AA3}.Release|Any CPU.Build.0 = Release|Any CPU
		{97A63F67-4C54-4C07-AA29-42EBE4399770}.CheckIn|Any CPU.ActiveCfg = Debug|Any CPU
		{97A63F67-4C54-4C07-AA29-42EBE4399770}.CheckIn|Any CPU.Build.0 = Debug|Any CPU
		{97A63F67-4C54-4C07-AA29-42EBE4399770}.Debug|Any CPU.ActiveCfg = Debug|Any CPU
		{97A63F67-4C54-4C07-AA29-42EBE4399770}.Debug|Any CPU.Build.0 = Debug|Any CPU
		{97A63F67-4C54-4C07-AA29-42EBE4399770}.Release|Any CPU.ActiveCfg = Release|Any CPU
		{97A63F67-4C54-4C07-AA29-42EBE4399770}.Release|Any CPU.Build.0 = Release|Any CPU
		{CDB974D2-6622-46BD-8A0A-31801E32200A}.CheckIn|Any CPU.ActiveCfg = Debug|Any CPU
		{CDB974D2-6622-46BD-8A0A-31801E32200A}.CheckIn|Any CPU.Build.0 = Debug|Any CPU
		{CDB974D2-6622-46BD-8A0A-31801E32200A}.Debug|Any CPU.ActiveCfg = Debug|Any CPU
		{CDB974D2-6622-46BD-8A0A-31801E32200A}.Debug|Any CPU.Build.0 = Debug|Any CPU
		{CDB974D2-6622-46BD-8A0A-31801E32200A}.Release|Any CPU.ActiveCfg = Release|Any CPU
		{CDB974D2-6622-46BD-8A0A-31801E32200A}.Release|Any CPU.Build.0 = Release|Any CPU
		{BDCC976D-AC62-43E6-8315-5ED8BD9B4865}.CheckIn|Any CPU.ActiveCfg = Debug|Any CPU
		{BDCC976D-AC62-43E6-8315-5ED8BD9B4865}.CheckIn|Any CPU.Build.0 = Debug|Any CPU
		{BDCC976D-AC62-43E6-8315-5ED8BD9B4865}.Debug|Any CPU.ActiveCfg = Debug|Any CPU
		{BDCC976D-AC62-43E6-8315-5ED8BD9B4865}.Debug|Any CPU.Build.0 = Debug|Any CPU
		{BDCC976D-AC62-43E6-8315-5ED8BD9B4865}.Release|Any CPU.ActiveCfg = Release|Any CPU
		{BDCC976D-AC62-43E6-8315-5ED8BD9B4865}.Release|Any CPU.Build.0 = Release|Any CPU
		{C9BCEA8D-7761-4352-B61E-44430A15D313}.CheckIn|Any CPU.ActiveCfg = Debug|Any CPU
		{C9BCEA8D-7761-4352-B61E-44430A15D313}.CheckIn|Any CPU.Build.0 = Debug|Any CPU
		{C9BCEA8D-7761-4352-B61E-44430A15D313}.Debug|Any CPU.ActiveCfg = Debug|Any CPU
		{C9BCEA8D-7761-4352-B61E-44430A15D313}.Debug|Any CPU.Build.0 = Debug|Any CPU
		{C9BCEA8D-7761-4352-B61E-44430A15D313}.Release|Any CPU.ActiveCfg = Release|Any CPU
		{C9BCEA8D-7761-4352-B61E-44430A15D313}.Release|Any CPU.Build.0 = Release|Any CPU
		{615308C2-0A61-46A3-BFB0-7668F462BE07}.CheckIn|Any CPU.ActiveCfg = Debug|Any CPU
		{615308C2-0A61-46A3-BFB0-7668F462BE07}.CheckIn|Any CPU.Build.0 = Debug|Any CPU
		{615308C2-0A61-46A3-BFB0-7668F462BE07}.Debug|Any CPU.ActiveCfg = Debug|Any CPU
		{615308C2-0A61-46A3-BFB0-7668F462BE07}.Debug|Any CPU.Build.0 = Debug|Any CPU
		{615308C2-0A61-46A3-BFB0-7668F462BE07}.Release|Any CPU.ActiveCfg = Release|Any CPU
		{615308C2-0A61-46A3-BFB0-7668F462BE07}.Release|Any CPU.Build.0 = Release|Any CPU
		{8BB45D85-69C1-417A-B734-863076AFCFF5}.CheckIn|Any CPU.ActiveCfg = Debug|Any CPU
		{8BB45D85-69C1-417A-B734-863076AFCFF5}.CheckIn|Any CPU.Build.0 = Debug|Any CPU
		{8BB45D85-69C1-417A-B734-863076AFCFF5}.Debug|Any CPU.ActiveCfg = Debug|Any CPU
		{8BB45D85-69C1-417A-B734-863076AFCFF5}.Debug|Any CPU.Build.0 = Debug|Any CPU
		{8BB45D85-69C1-417A-B734-863076AFCFF5}.Release|Any CPU.ActiveCfg = Release|Any CPU
		{8BB45D85-69C1-417A-B734-863076AFCFF5}.Release|Any CPU.Build.0 = Release|Any CPU
		{115EEFF8-951B-49E7-BAD5-B10212D76B71}.CheckIn|Any CPU.ActiveCfg = Debug|Any CPU
		{115EEFF8-951B-49E7-BAD5-B10212D76B71}.CheckIn|Any CPU.Build.0 = Debug|Any CPU
		{115EEFF8-951B-49E7-BAD5-B10212D76B71}.Debug|Any CPU.ActiveCfg = Debug|Any CPU
		{115EEFF8-951B-49E7-BAD5-B10212D76B71}.Debug|Any CPU.Build.0 = Debug|Any CPU
		{115EEFF8-951B-49E7-BAD5-B10212D76B71}.Release|Any CPU.ActiveCfg = Release|Any CPU
		{115EEFF8-951B-49E7-BAD5-B10212D76B71}.Release|Any CPU.Build.0 = Release|Any CPU
		{D883A0C7-DC8B-4065-A497-61BC344377F1}.CheckIn|Any CPU.ActiveCfg = Debug|Any CPU
		{D883A0C7-DC8B-4065-A497-61BC344377F1}.CheckIn|Any CPU.Build.0 = Debug|Any CPU
		{D883A0C7-DC8B-4065-A497-61BC344377F1}.Debug|Any CPU.ActiveCfg = Debug|Any CPU
		{D883A0C7-DC8B-4065-A497-61BC344377F1}.Debug|Any CPU.Build.0 = Debug|Any CPU
		{D883A0C7-DC8B-4065-A497-61BC344377F1}.Release|Any CPU.ActiveCfg = Release|Any CPU
		{D883A0C7-DC8B-4065-A497-61BC344377F1}.Release|Any CPU.Build.0 = Release|Any CPU
		{6FCB537B-DB29-4F85-84E1-9513982699F4}.CheckIn|Any CPU.ActiveCfg = Debug|Any CPU
		{6FCB537B-DB29-4F85-84E1-9513982699F4}.CheckIn|Any CPU.Build.0 = Debug|Any CPU
		{6FCB537B-DB29-4F85-84E1-9513982699F4}.Debug|Any CPU.ActiveCfg = Debug|Any CPU
		{6FCB537B-DB29-4F85-84E1-9513982699F4}.Debug|Any CPU.Build.0 = Debug|Any CPU
		{6FCB537B-DB29-4F85-84E1-9513982699F4}.Release|Any CPU.ActiveCfg = Release|Any CPU
		{6FCB537B-DB29-4F85-84E1-9513982699F4}.Release|Any CPU.Build.0 = Release|Any CPU
		{40E19177-5EF7-44FE-845E-BFCE95AB2E11}.CheckIn|Any CPU.ActiveCfg = Debug|Any CPU
		{40E19177-5EF7-44FE-845E-BFCE95AB2E11}.CheckIn|Any CPU.Build.0 = Debug|Any CPU
		{40E19177-5EF7-44FE-845E-BFCE95AB2E11}.Debug|Any CPU.ActiveCfg = Debug|Any CPU
		{40E19177-5EF7-44FE-845E-BFCE95AB2E11}.Debug|Any CPU.Build.0 = Debug|Any CPU
		{40E19177-5EF7-44FE-845E-BFCE95AB2E11}.Release|Any CPU.ActiveCfg = Release|Any CPU
		{40E19177-5EF7-44FE-845E-BFCE95AB2E11}.Release|Any CPU.Build.0 = Release|Any CPU
		{058814E1-6B01-416C-B610-C1B35A408601}.CheckIn|Any CPU.ActiveCfg = Debug|Any CPU
		{058814E1-6B01-416C-B610-C1B35A408601}.CheckIn|Any CPU.Build.0 = Debug|Any CPU
		{058814E1-6B01-416C-B610-C1B35A408601}.Debug|Any CPU.ActiveCfg = Debug|Any CPU
		{058814E1-6B01-416C-B610-C1B35A408601}.Debug|Any CPU.Build.0 = Debug|Any CPU
		{058814E1-6B01-416C-B610-C1B35A408601}.Release|Any CPU.ActiveCfg = Release|Any CPU
		{058814E1-6B01-416C-B610-C1B35A408601}.Release|Any CPU.Build.0 = Release|Any CPU
		{99031917-5702-4243-83C1-0BA667211EC3}.CheckIn|Any CPU.ActiveCfg = Debug|Any CPU
		{99031917-5702-4243-83C1-0BA667211EC3}.CheckIn|Any CPU.Build.0 = Debug|Any CPU
		{99031917-5702-4243-83C1-0BA667211EC3}.Debug|Any CPU.ActiveCfg = Debug|Any CPU
		{99031917-5702-4243-83C1-0BA667211EC3}.Debug|Any CPU.Build.0 = Debug|Any CPU
		{99031917-5702-4243-83C1-0BA667211EC3}.Release|Any CPU.ActiveCfg = Release|Any CPU
		{99031917-5702-4243-83C1-0BA667211EC3}.Release|Any CPU.Build.0 = Release|Any CPU
		{B65E6E5F-9C4B-4817-8B0E-F88103B92AD5}.CheckIn|Any CPU.ActiveCfg = Debug|Any CPU
		{B65E6E5F-9C4B-4817-8B0E-F88103B92AD5}.CheckIn|Any CPU.Build.0 = Debug|Any CPU
		{B65E6E5F-9C4B-4817-8B0E-F88103B92AD5}.Debug|Any CPU.ActiveCfg = Debug|Any CPU
		{B65E6E5F-9C4B-4817-8B0E-F88103B92AD5}.Debug|Any CPU.Build.0 = Debug|Any CPU
		{B65E6E5F-9C4B-4817-8B0E-F88103B92AD5}.Release|Any CPU.ActiveCfg = Release|Any CPU
		{B65E6E5F-9C4B-4817-8B0E-F88103B92AD5}.Release|Any CPU.Build.0 = Release|Any CPU
		{C9793B9D-9EFB-46DC-8648-E9CC3E36B012}.CheckIn|Any CPU.ActiveCfg = Debug|Any CPU
		{C9793B9D-9EFB-46DC-8648-E9CC3E36B012}.CheckIn|Any CPU.Build.0 = Debug|Any CPU
		{C9793B9D-9EFB-46DC-8648-E9CC3E36B012}.Debug|Any CPU.ActiveCfg = Debug|Any CPU
		{C9793B9D-9EFB-46DC-8648-E9CC3E36B012}.Debug|Any CPU.Build.0 = Debug|Any CPU
		{C9793B9D-9EFB-46DC-8648-E9CC3E36B012}.Release|Any CPU.ActiveCfg = Release|Any CPU
		{C9793B9D-9EFB-46DC-8648-E9CC3E36B012}.Release|Any CPU.Build.0 = Release|Any CPU
		{B1BDEF35-A200-4185-95F4-602CF062A1D4}.CheckIn|Any CPU.ActiveCfg = Debug|Any CPU
		{B1BDEF35-A200-4185-95F4-602CF062A1D4}.CheckIn|Any CPU.Build.0 = Debug|Any CPU
		{B1BDEF35-A200-4185-95F4-602CF062A1D4}.Debug|Any CPU.ActiveCfg = Debug|Any CPU
		{B1BDEF35-A200-4185-95F4-602CF062A1D4}.Debug|Any CPU.Build.0 = Debug|Any CPU
		{B1BDEF35-A200-4185-95F4-602CF062A1D4}.Release|Any CPU.ActiveCfg = Release|Any CPU
		{B1BDEF35-A200-4185-95F4-602CF062A1D4}.Release|Any CPU.Build.0 = Release|Any CPU
		{F2B00B9B-85A6-4B3B-88F7-80D6143725AF}.CheckIn|Any CPU.ActiveCfg = Debug|Any CPU
		{F2B00B9B-85A6-4B3B-88F7-80D6143725AF}.CheckIn|Any CPU.Build.0 = Debug|Any CPU
		{F2B00B9B-85A6-4B3B-88F7-80D6143725AF}.Debug|Any CPU.ActiveCfg = Debug|Any CPU
		{F2B00B9B-85A6-4B3B-88F7-80D6143725AF}.Debug|Any CPU.Build.0 = Debug|Any CPU
		{F2B00B9B-85A6-4B3B-88F7-80D6143725AF}.Release|Any CPU.ActiveCfg = Release|Any CPU
		{F2B00B9B-85A6-4B3B-88F7-80D6143725AF}.Release|Any CPU.Build.0 = Release|Any CPU
		{3EE5F919-BA79-4E09-A9D4-9708BF16CC33}.CheckIn|Any CPU.ActiveCfg = Debug|Any CPU
		{3EE5F919-BA79-4E09-A9D4-9708BF16CC33}.CheckIn|Any CPU.Build.0 = Debug|Any CPU
		{3EE5F919-BA79-4E09-A9D4-9708BF16CC33}.Debug|Any CPU.ActiveCfg = Debug|Any CPU
		{3EE5F919-BA79-4E09-A9D4-9708BF16CC33}.Debug|Any CPU.Build.0 = Debug|Any CPU
		{3EE5F919-BA79-4E09-A9D4-9708BF16CC33}.Release|Any CPU.ActiveCfg = Release|Any CPU
		{3EE5F919-BA79-4E09-A9D4-9708BF16CC33}.Release|Any CPU.Build.0 = Release|Any CPU
		{FA5130A0-3CF3-463C-A409-88B9ED25F919}.CheckIn|Any CPU.ActiveCfg = Debug|Any CPU
		{FA5130A0-3CF3-463C-A409-88B9ED25F919}.CheckIn|Any CPU.Build.0 = Debug|Any CPU
		{FA5130A0-3CF3-463C-A409-88B9ED25F919}.Debug|Any CPU.ActiveCfg = Debug|Any CPU
		{FA5130A0-3CF3-463C-A409-88B9ED25F919}.Debug|Any CPU.Build.0 = Debug|Any CPU
		{FA5130A0-3CF3-463C-A409-88B9ED25F919}.Release|Any CPU.ActiveCfg = Release|Any CPU
		{FA5130A0-3CF3-463C-A409-88B9ED25F919}.Release|Any CPU.Build.0 = Release|Any CPU
		{8B5CAFE5-A747-464E-9FA9-A7AC7DEF3A01}.CheckIn|Any CPU.ActiveCfg = Debug|Any CPU
		{8B5CAFE5-A747-464E-9FA9-A7AC7DEF3A01}.CheckIn|Any CPU.Build.0 = Debug|Any CPU
		{8B5CAFE5-A747-464E-9FA9-A7AC7DEF3A01}.Debug|Any CPU.ActiveCfg = Debug|Any CPU
		{8B5CAFE5-A747-464E-9FA9-A7AC7DEF3A01}.Debug|Any CPU.Build.0 = Debug|Any CPU
		{8B5CAFE5-A747-464E-9FA9-A7AC7DEF3A01}.Release|Any CPU.ActiveCfg = Release|Any CPU
		{8B5CAFE5-A747-464E-9FA9-A7AC7DEF3A01}.Release|Any CPU.Build.0 = Release|Any CPU
		{13A99E35-5BC8-4340-B1AA-22EDF43637FE}.CheckIn|Any CPU.ActiveCfg = Debug|Any CPU
		{13A99E35-5BC8-4340-B1AA-22EDF43637FE}.CheckIn|Any CPU.Build.0 = Debug|Any CPU
		{13A99E35-5BC8-4340-B1AA-22EDF43637FE}.Debug|Any CPU.ActiveCfg = Debug|Any CPU
		{13A99E35-5BC8-4340-B1AA-22EDF43637FE}.Debug|Any CPU.Build.0 = Debug|Any CPU
		{13A99E35-5BC8-4340-B1AA-22EDF43637FE}.Release|Any CPU.ActiveCfg = Release|Any CPU
		{13A99E35-5BC8-4340-B1AA-22EDF43637FE}.Release|Any CPU.Build.0 = Release|Any CPU
	EndGlobalSection
	GlobalSection(SolutionProperties) = preSolution
		HideSolutionNode = FALSE
	EndGlobalSection
	GlobalSection(NestedProjects) = preSolution
		{D5C60F72-F2FC-4628-875A-3AE4984AE899} = {CA3B9CD4-3012-47BC-A017-B65311569122}
		{CA3B9CD4-3012-47BC-A017-B65311569122} = {63F37FAB-C1F4-4C50-9E9E-E6C3C847E480}
		{ABFEB48C-EEEA-42F2-A64B-8F59B1F9BC17} = {CA3B9CD4-3012-47BC-A017-B65311569122}
		{4C4E55B3-D785-4541-A8F0-B5BF9831ADD4} = {63F37FAB-C1F4-4C50-9E9E-E6C3C847E480}
		{266E1E0C-B4BD-462B-AA78-75E41880189E} = {63F37FAB-C1F4-4C50-9E9E-E6C3C847E480}
		{9787335F-D1A5-41F6-BD58-13B112417C59} = {63F37FAB-C1F4-4C50-9E9E-E6C3C847E480}
		{65C1B6F7-4CFC-46CD-A16B-4A0B594E7A3C} = {63F37FAB-C1F4-4C50-9E9E-E6C3C847E480}
		{F6AE572C-35C0-475E-AD57-EE590FF35C98} = {63F37FAB-C1F4-4C50-9E9E-E6C3C847E480}
		{2C9842A7-8510-49EC-B47F-5702D07EABC3} = {63F37FAB-C1F4-4C50-9E9E-E6C3C847E480}
		{F6BDA117-6B00-4885-AB6C-6373D5598EAA} = {63F37FAB-C1F4-4C50-9E9E-E6C3C847E480}
		{A2F08EC7-A64A-4C02-9675-127F2187D7D4} = {9CEE14D7-9FFA-4FA2-85F7-CF25DBDD5DDE}
		{1A8292CD-C926-457A-B00D-7201EFB68C81} = {83764A8B-2A2A-43D4-BFA9-FD6A0CD106ED}
		{664AA024-B0CD-45D0-98A9-F9D890105A14} = {83764A8B-2A2A-43D4-BFA9-FD6A0CD106ED}
		{071315F2-428D-4CAD-A55F-9B994F48BEB0} = {83764A8B-2A2A-43D4-BFA9-FD6A0CD106ED}
		{411AAC7A-059B-4318-B2CE-EF85F90FDD0B} = {83764A8B-2A2A-43D4-BFA9-FD6A0CD106ED}
		{031FDB23-150A-406B-9613-659FA914DFC4} = {9CEE14D7-9FFA-4FA2-85F7-CF25DBDD5DDE}
		{4AE14020-D37F-441C-92A5-9255D7117C26} = {1E353BB3-B765-4FE9-80D0-7850BED0BC68}
		{550848AB-C42D-42C6-8A9E-B2681E1FF65B} = {1E353BB3-B765-4FE9-80D0-7850BED0BC68}
		{D72C1A11-C587-4318-8CC8-A4B8CFF32E95} = {1E353BB3-B765-4FE9-80D0-7850BED0BC68}
		{EC939D2D-F8E6-4AB9-916A-B2EF56FBABA0} = {9CEE14D7-9FFA-4FA2-85F7-CF25DBDD5DDE}
		{81F51D58-5ADA-45A9-B6AA-952E069AB163} = {6AE0A967-A477-40F9-95B5-78F52049BE71}
		{83764A8B-2A2A-43D4-BFA9-FD6A0CD106ED} = {9CEE14D7-9FFA-4FA2-85F7-CF25DBDD5DDE}
		{1E353BB3-B765-4FE9-80D0-7850BED0BC68} = {9CEE14D7-9FFA-4FA2-85F7-CF25DBDD5DDE}
		{6AE0A967-A477-40F9-95B5-78F52049BE71} = {9CEE14D7-9FFA-4FA2-85F7-CF25DBDD5DDE}
		{7EB9D9B3-F796-4DB6-9A63-0A244B7A03E3} = {6AE0A967-A477-40F9-95B5-78F52049BE71}
		{01876C6D-E7BC-4E01-ADB1-A55D9C1C1B71} = {6AE0A967-A477-40F9-95B5-78F52049BE71}
		{60D584E4-437A-49ED-9878-FA27D1A58324} = {9CEE14D7-9FFA-4FA2-85F7-CF25DBDD5DDE}
		{671A34A8-5602-4944-9665-A8C55E0ED75A} = {60D584E4-437A-49ED-9878-FA27D1A58324}
		{ADE3697F-6E30-4900-9B3D-AAA5AFAC0923} = {60D584E4-437A-49ED-9878-FA27D1A58324}
		{292616F0-2BD5-451B-AA12-7E7FD8C91A31} = {60D584E4-437A-49ED-9878-FA27D1A58324}
		{DD211264-9ABE-4A32-8BEA-6A247547FA7A} = {9CEE14D7-9FFA-4FA2-85F7-CF25DBDD5DDE}
		{E8ED2D55-ED65-44A7-AA8E-4F2EBD565DAA} = {9CEE14D7-9FFA-4FA2-85F7-CF25DBDD5DDE}
		{3F253F89-CC1A-4188-A750-7BDBB96818B0} = {9CEE14D7-9FFA-4FA2-85F7-CF25DBDD5DDE}
		{742FBE2C-5DBD-41A8-9072-81532CB68CF0} = {9CEE14D7-9FFA-4FA2-85F7-CF25DBDD5DDE}
		{DE906848-1D3D-4BAB-A85B-EB5B84BE99E1} = {9CEE14D7-9FFA-4FA2-85F7-CF25DBDD5DDE}
		{6DA5D6F3-50EC-4894-89A5-C0598638E7F0} = {9CEE14D7-9FFA-4FA2-85F7-CF25DBDD5DDE}
		{8DCF430C-B3F7-40EC-8B18-A01712DF64E6} = {9CEE14D7-9FFA-4FA2-85F7-CF25DBDD5DDE}
		{8C9DD16A-A950-44E3-AFC5-2D8C6AC3177A} = {9CEE14D7-9FFA-4FA2-85F7-CF25DBDD5DDE}
		{D6F90B69-1F79-441F-9187-9BA04CD904CB} = {9CEE14D7-9FFA-4FA2-85F7-CF25DBDD5DDE}
		{F4AA6A00-F8B0-40D3-BA92-FA17BD3FCDE8} = {9CEE14D7-9FFA-4FA2-85F7-CF25DBDD5DDE}
		{6C89D579-C839-4685-9439-04EF79E89A2F} = {9CEE14D7-9FFA-4FA2-85F7-CF25DBDD5DDE}
		{19B20A52-FFDD-415B-B617-D4C07E9DC0C9} = {9CEE14D7-9FFA-4FA2-85F7-CF25DBDD5DDE}
		{44B85966-4A77-4DD3-930B-72583914EB64} = {9CEE14D7-9FFA-4FA2-85F7-CF25DBDD5DDE}
		{374F0C2B-725A-4CCD-9F10-B87C546FEBB5} = {9CEE14D7-9FFA-4FA2-85F7-CF25DBDD5DDE}
		{FAFF4757-14EA-4533-8ABE-9AB9BB90C464} = {9CEE14D7-9FFA-4FA2-85F7-CF25DBDD5DDE}
		{FF5875D9-B194-46D7-A559-89DB1FCCD7CB} = {FAFF4757-14EA-4533-8ABE-9AB9BB90C464}
		{6D522D6E-34DB-4E8C-838D-EE571C88E584} = {FAFF4757-14EA-4533-8ABE-9AB9BB90C464}
		{BA1C589D-45C3-45F4-A4D6-E505E8724AA3} = {9CEE14D7-9FFA-4FA2-85F7-CF25DBDD5DDE}
		{97A63F67-4C54-4C07-AA29-42EBE4399770} = {9CEE14D7-9FFA-4FA2-85F7-CF25DBDD5DDE}
		{CDB974D2-6622-46BD-8A0A-31801E32200A} = {9CEE14D7-9FFA-4FA2-85F7-CF25DBDD5DDE}
		{BDCC976D-AC62-43E6-8315-5ED8BD9B4865} = {79D7836D-B42C-4047-BB6B-9CBBFB13053B}
		{C9BCEA8D-7761-4352-B61E-44430A15D313} = {79D7836D-B42C-4047-BB6B-9CBBFB13053B}
		{615308C2-0A61-46A3-BFB0-7668F462BE07} = {79D7836D-B42C-4047-BB6B-9CBBFB13053B}
		{8BB45D85-69C1-417A-B734-863076AFCFF5} = {79D7836D-B42C-4047-BB6B-9CBBFB13053B}
		{115EEFF8-951B-49E7-BAD5-B10212D76B71} = {79D7836D-B42C-4047-BB6B-9CBBFB13053B}
		{D883A0C7-DC8B-4065-A497-61BC344377F1} = {79D7836D-B42C-4047-BB6B-9CBBFB13053B}
		{6FCB537B-DB29-4F85-84E1-9513982699F4} = {79D7836D-B42C-4047-BB6B-9CBBFB13053B}
		{40E19177-5EF7-44FE-845E-BFCE95AB2E11} = {79D7836D-B42C-4047-BB6B-9CBBFB13053B}
		{058814E1-6B01-416C-B610-C1B35A408601} = {79D7836D-B42C-4047-BB6B-9CBBFB13053B}
		{99031917-5702-4243-83C1-0BA667211EC3} = {79D7836D-B42C-4047-BB6B-9CBBFB13053B}
		{B65E6E5F-9C4B-4817-8B0E-F88103B92AD5} = {79D7836D-B42C-4047-BB6B-9CBBFB13053B}
		{E096289B-F69E-4F00-8134-3AE5F1F50ADC} = {C357BF59-378A-4A95-9318-070C1E2C1908}
		{6851D3D8-6DF9-46E0-8F9C-992B51A294C5} = {C357BF59-378A-4A95-9318-070C1E2C1908}
		{C9793B9D-9EFB-46DC-8648-E9CC3E36B012} = {6851D3D8-6DF9-46E0-8F9C-992B51A294C5}
		{B1BDEF35-A200-4185-95F4-602CF062A1D4} = {E096289B-F69E-4F00-8134-3AE5F1F50ADC}
		{556A5FB4-E68E-41C2-A4B4-2414829313BE} = {C357BF59-378A-4A95-9318-070C1E2C1908}
		{F2B00B9B-85A6-4B3B-88F7-80D6143725AF} = {556A5FB4-E68E-41C2-A4B4-2414829313BE}
		{3EE5F919-BA79-4E09-A9D4-9708BF16CC33} = {556A5FB4-E68E-41C2-A4B4-2414829313BE}
		{FA5130A0-3CF3-463C-A409-88B9ED25F919} = {F2D5F77E-E1B9-4DDA-B911-4AFED2253962}
		{8B5CAFE5-A747-464E-9FA9-A7AC7DEF3A01} = {F2D5F77E-E1B9-4DDA-B911-4AFED2253962}
		{13A99E35-5BC8-4340-B1AA-22EDF43637FE} = {F2D5F77E-E1B9-4DDA-B911-4AFED2253962}
	EndGlobalSection
	GlobalSection(ExtensibilityGlobals) = postSolution
		SolutionGuid = {948709C6-010B-4140-8560-FDD65D61EEE9}
	EndGlobalSection
EndGlobal
