
Microsoft Visual Studio Solution File, Format Version 12.00
# Visual Studio Version 17
VisualStudioVersion = 17.8.34525.116
MinimumVisualStudioVersion = 10.0.40219.1
Project("{FAE04EC0-301F-11D3-BF4B-00C04F79EFBC}") = "Task1A", "Task.CSharpBase\Task1A.csproj", "{D5C60F72-F2FC-4628-875A-3AE4984AE899}"
EndProject
Project("{2150E333-8FDC-42A3-9474-1A3956D46DE8}") = "Task1.CSharpBase", "Task1.CSharpBase", "{CA3B9CD4-3012-47BC-A017-B65311569122}"
EndProject
Project("{FAE04EC0-301F-11D3-BF4B-00C04F79EFBC}") = "Task1B", "Task1B\Task1B.csproj", "{ABFEB48C-EEEA-42F2-A64B-8F59B1F9BC17}"
EndProject
Project("{FAE04EC0-301F-11D3-BF4B-00C04F79EFBC}") = "Task2", "Task2\Task2.csproj", "{4C4E55B3-D785-4541-A8F0-B5BF9831ADD4}"
EndProject
Project("{FAE04EC0-301F-11D3-BF4B-00C04F79EFBC}") = "Task3", "Task3\Task3.csproj", "{266E1E0C-B4BD-462B-AA78-75E41880189E}"
EndProject
Project("{FAE04EC0-301F-11D3-BF4B-00C04F79EFBC}") = "Task4", "Task4\Task4.csproj", "{9787335F-D1A5-41F6-BD58-13B112417C59}"
EndProject
Project("{FAE04EC0-301F-11D3-BF4B-00C04F79EFBC}") = "Task5", "Task5\Task5.csproj", "{65C1B6F7-4CFC-46CD-A16B-4A0B594E7A3C}"
EndProject
Project("{FAE04EC0-301F-11D3-BF4B-00C04F79EFBC}") = "Task6", "Task6\Task6.csproj", "{F6AE572C-35C0-475E-AD57-EE590FF35C98}"
EndProject
Project("{FAE04EC0-301F-11D3-BF4B-00C04F79EFBC}") = "Task7", "Task7\Task7.csproj", "{2C9842A7-8510-49EC-B47F-5702D07EABC3}"
EndProject
Project("{FAE04EC0-301F-11D3-BF4B-00C04F79EFBC}") = "Task8", "Task8\Task8.csproj", "{F6BDA117-6B00-4885-AB6C-6373D5598EAA}"
EndProject
Global
	GlobalSection(SolutionConfigurationPlatforms) = preSolution
		CheckIn|Any CPU = CheckIn|Any CPU
		Debug|Any CPU = Debug|Any CPU
		Release|Any CPU = Release|Any CPU
	EndGlobalSection
	GlobalSection(ProjectConfigurationPlatforms) = postSolution
		{D5C60F72-F2FC-4628-875A-3AE4984AE899}.CheckIn|Any CPU.ActiveCfg = CheckIn|Any CPU
		{D5C60F72-F2FC-4628-875A-3AE4984AE899}.CheckIn|Any CPU.Build.0 = CheckIn|Any CPU
		{D5C60F72-F2FC-4628-875A-3AE4984AE899}.Debug|Any CPU.ActiveCfg = Debug|Any CPU
		{D5C60F72-F2FC-4628-875A-3AE4984AE899}.Debug|Any CPU.Build.0 = Debug|Any CPU
		{D5C60F72-F2FC-4628-875A-3AE4984AE899}.Release|Any CPU.ActiveCfg = Release|Any CPU
		{D5C60F72-F2FC-4628-875A-3AE4984AE899}.Release|Any CPU.Build.0 = Release|Any CPU
		{ABFEB48C-EEEA-42F2-A64B-8F59B1F9BC17}.CheckIn|Any CPU.ActiveCfg = CheckIn|Any CPU
		{ABFEB48C-EEEA-42F2-A64B-8F59B1F9BC17}.CheckIn|Any CPU.Build.0 = CheckIn|Any CPU
		{ABFEB48C-EEEA-42F2-A64B-8F59B1F9BC17}.Debug|Any CPU.ActiveCfg = Debug|Any CPU
		{ABFEB48C-EEEA-42F2-A64B-8F59B1F9BC17}.Debug|Any CPU.Build.0 = Debug|Any CPU
		{ABFEB48C-EEEA-42F2-A64B-8F59B1F9BC17}.Release|Any CPU.ActiveCfg = Release|Any CPU
		{ABFEB48C-EEEA-42F2-A64B-8F59B1F9BC17}.Release|Any CPU.Build.0 = Release|Any CPU
		{4C4E55B3-D785-4541-A8F0-B5BF9831ADD4}.CheckIn|Any CPU.ActiveCfg = Debug|Any CPU
		{4C4E55B3-D785-4541-A8F0-B5BF9831ADD4}.CheckIn|Any CPU.Build.0 = Debug|Any CPU
		{4C4E55B3-D785-4541-A8F0-B5BF9831ADD4}.Debug|Any CPU.ActiveCfg = Debug|Any CPU
		{4C4E55B3-D785-4541-A8F0-B5BF9831ADD4}.Debug|Any CPU.Build.0 = Debug|Any CPU
		{4C4E55B3-D785-4541-A8F0-B5BF9831ADD4}.Release|Any CPU.ActiveCfg = Release|Any CPU
		{4C4E55B3-D785-4541-A8F0-B5BF9831ADD4}.Release|Any CPU.Build.0 = Release|Any CPU
		{266E1E0C-B4BD-462B-AA78-75E41880189E}.CheckIn|Any CPU.ActiveCfg = Debug|Any CPU
		{266E1E0C-B4BD-462B-AA78-75E41880189E}.CheckIn|Any CPU.Build.0 = Debug|Any CPU
		{266E1E0C-B4BD-462B-AA78-75E41880189E}.Debug|Any CPU.ActiveCfg = Debug|Any CPU
		{266E1E0C-B4BD-462B-AA78-75E41880189E}.Debug|Any CPU.Build.0 = Debug|Any CPU
		{266E1E0C-B4BD-462B-AA78-75E41880189E}.Release|Any CPU.ActiveCfg = Release|Any CPU
		{266E1E0C-B4BD-462B-AA78-75E41880189E}.Release|Any CPU.Build.0 = Release|Any CPU
		{9787335F-D1A5-41F6-BD58-13B112417C59}.CheckIn|Any CPU.ActiveCfg = Debug|Any CPU
		{9787335F-D1A5-41F6-BD58-13B112417C59}.CheckIn|Any CPU.Build.0 = Debug|Any CPU
		{9787335F-D1A5-41F6-BD58-13B112417C59}.Debug|Any CPU.ActiveCfg = Debug|Any CPU
		{9787335F-D1A5-41F6-BD58-13B112417C59}.Debug|Any CPU.Build.0 = Debug|Any CPU
		{9787335F-D1A5-41F6-BD58-13B112417C59}.Release|Any CPU.ActiveCfg = Release|Any CPU
		{9787335F-D1A5-41F6-BD58-13B112417C59}.Release|Any CPU.Build.0 = Release|Any CPU
		{65C1B6F7-4CFC-46CD-A16B-4A0B594E7A3C}.CheckIn|Any CPU.ActiveCfg = Debug|Any CPU
		{65C1B6F7-4CFC-46CD-A16B-4A0B594E7A3C}.CheckIn|Any CPU.Build.0 = Debug|Any CPU
		{65C1B6F7-4CFC-46CD-A16B-4A0B594E7A3C}.Debug|Any CPU.ActiveCfg = Debug|Any CPU
		{65C1B6F7-4CFC-46CD-A16B-4A0B594E7A3C}.Debug|Any CPU.Build.0 = Debug|Any CPU
		{65C1B6F7-4CFC-46CD-A16B-4A0B594E7A3C}.Release|Any CPU.ActiveCfg = Release|Any CPU
		{65C1B6F7-4CFC-46CD-A16B-4A0B594E7A3C}.Release|Any CPU.Build.0 = Release|Any CPU
		{F6AE572C-35C0-475E-AD57-EE590FF35C98}.CheckIn|Any CPU.ActiveCfg = Debug|Any CPU
		{F6AE572C-35C0-475E-AD57-EE590FF35C98}.CheckIn|Any CPU.Build.0 = Debug|Any CPU
		{F6AE572C-35C0-475E-AD57-EE590FF35C98}.Debug|Any CPU.ActiveCfg = Debug|Any CPU
		{F6AE572C-35C0-475E-AD57-EE590FF35C98}.Debug|Any CPU.Build.0 = Debug|Any CPU
		{F6AE572C-35C0-475E-AD57-EE590FF35C98}.Release|Any CPU.ActiveCfg = Release|Any CPU
		{F6AE572C-35C0-475E-AD57-EE590FF35C98}.Release|Any CPU.Build.0 = Release|Any CPU
		{2C9842A7-8510-49EC-B47F-5702D07EABC3}.CheckIn|Any CPU.ActiveCfg = Debug|Any CPU
		{2C9842A7-8510-49EC-B47F-5702D07EABC3}.CheckIn|Any CPU.Build.0 = Debug|Any CPU
		{2C9842A7-8510-49EC-B47F-5702D07EABC3}.Debug|Any CPU.ActiveCfg = Debug|Any CPU
		{2C9842A7-8510-49EC-B47F-5702D07EABC3}.Debug|Any CPU.Build.0 = Debug|Any CPU
		{2C9842A7-8510-49EC-B47F-5702D07EABC3}.Release|Any CPU.ActiveCfg = Release|Any CPU
		{2C9842A7-8510-49EC-B47F-5702D07EABC3}.Release|Any CPU.Build.0 = Release|Any CPU
		{F6BDA117-6B00-4885-AB6C-6373D5598EAA}.CheckIn|Any CPU.ActiveCfg = Debug|Any CPU
		{F6BDA117-6B00-4885-AB6C-6373D5598EAA}.CheckIn|Any CPU.Build.0 = Debug|Any CPU
		{F6BDA117-6B00-4885-AB6C-6373D5598EAA}.Debug|Any CPU.ActiveCfg = Debug|Any CPU
		{F6BDA117-6B00-4885-AB6C-6373D5598EAA}.Debug|Any CPU.Build.0 = Debug|Any CPU
		{F6BDA117-6B00-4885-AB6C-6373D5598EAA}.Release|Any CPU.ActiveCfg = Release|Any CPU
		{F6BDA117-6B00-4885-AB6C-6373D5598EAA}.Release|Any CPU.Build.0 = Release|Any CPU
	EndGlobalSection
	GlobalSection(SolutionProperties) = preSolution
		HideSolutionNode = FALSE
	EndGlobalSection
	GlobalSection(NestedProjects) = preSolution
		{D5C60F72-F2FC-4628-875A-3AE4984AE899} = {CA3B9CD4-3012-47BC-A017-B65311569122}
		{ABFEB48C-EEEA-42F2-A64B-8F59B1F9BC17} = {CA3B9CD4-3012-47BC-A017-B65311569122}
	EndGlobalSection
	GlobalSection(ExtensibilityGlobals) = postSolution
		SolutionGuid = {948709C6-010B-4140-8560-FDD65D61EEE9}
	EndGlobalSection
EndGlobal
